
Microsoft Visual Studio Solution File, Format Version 12.00
# Visual Studio Version 16
VisualStudioVersion = 16.0.31205.134
MinimumVisualStudioVersion = 10.0.40219.1
Project("{FAE04EC0-301F-11D3-BF4B-00C04F79EFBC}") = "Fibo", "Fibo.csproj", "{9AD284B9-B49F-4349-AC75-79DEC23EE8ED}"
EndProject
Project("{FAE04EC0-301F-11D3-BF4B-00C04F79EFBC}") = "FiboManageTest", "..\FiboManageTest\FiboManageTest.csproj", "{5790BB08-EA89-482E-B510-A4AB3992EDAF}"
EndProject
Global
	GlobalSection(SolutionConfigurationPlatforms) = preSolution
		Debug|Any CPU = Debug|Any CPU
		Release|Any CPU = Release|Any CPU
	EndGlobalSection
	GlobalSection(ProjectConfigurationPlatforms) = postSolution
		{9AD284B9-B49F-4349-AC75-79DEC23EE8ED}.Debug|Any CPU.ActiveCfg = Debug|Any CPU
		{9AD284B9-B49F-4349-AC75-79DEC23EE8ED}.Debug|Any CPU.Build.0 = Debug|Any CPU
		{9AD284B9-B49F-4349-AC75-79DEC23EE8ED}.Release|Any CPU.ActiveCfg = Release|Any CPU
		{9AD284B9-B49F-4349-AC75-79DEC23EE8ED}.Release|Any CPU.Build.0 = Release|Any CPU
		{5790BB08-EA89-482E-B510-A4AB3992EDAF}.Debug|Any CPU.ActiveCfg = Debug|Any CPU
		{5790BB08-EA89-482E-B510-A4AB3992EDAF}.Debug|Any CPU.Build.0 = Debug|Any CPU
		{5790BB08-EA89-482E-B510-A4AB3992EDAF}.Release|Any CPU.ActiveCfg = Release|Any CPU
		{5790BB08-EA89-482E-B510-A4AB3992EDAF}.Release|Any CPU.Build.0 = Release|Any CPU
	EndGlobalSection
	GlobalSection(SolutionProperties) = preSolution
		HideSolutionNode = FALSE
	EndGlobalSection
	GlobalSection(ExtensibilityGlobals) = postSolution
		SolutionGuid = {73007C19-40BA-4C5C-941C-5234D9B9368C}
	EndGlobalSection
EndGlobal
